<Solution>
  <Folder Name="/src/">
    <Project Path="src/Warden.Agent/Warden.Agent.csproj" />
    <Project Path="src/Warden.ControlPlane/Warden.ControlPlane.csproj" />
    <Project Path="src/Warden.Core/Warden.Core.csproj" />
  </Folder>
  <Folder Name="/tests/">
    <Project Path="tests/Warden.Core.Tests/Warden.Core.Tests.csproj" />
  </Folder>
</Solution>
